// !$*UTF8*$!
{
	archiveVersion = 1;
	classes = {
	};
	objectVersion = 56;
	objects = {

/* Begin PBXBuildFile section */
		8C06B22CA93A3BBE14DE05F7 /* Pods_ERosasEcommerce.framework in Frameworks */ = {isa = PBXBuildFile; fileRef = F96E054A1CAA6C1A87C6E5D6 /* Pods_ERosasEcommerce.framework */; };
		B2966701610DFE1A9E3CFEBE /* Pods_ERosasEcommerceVenta.framework in Frameworks */ = {isa = PBXBuildFile; fileRef = 1A6224238F6B5B661A9C9CD6 /* Pods_ERosasEcommerceVenta.framework */; };
		E3075C672A142EFF00973B4E /* Producto.swift in Sources */ = {isa = PBXBuildFile; fileRef = E3075C662A142EFF00973B4E /* Producto.swift */; };
		E3075C692A142FAB00973B4E /* Area.swift in Sources */ = {isa = PBXBuildFile; fileRef = E3075C682A142FAB00973B4E /* Area.swift */; };
		E3075C6B2A14302F00973B4E /* Proveedor.swift in Sources */ = {isa = PBXBuildFile; fileRef = E3075C6A2A14302F00973B4E /* Proveedor.swift */; };
		E3075C6D2A14307B00973B4E /* Departamento.swift in Sources */ = {isa = PBXBuildFile; fileRef = E3075C6C2A14307B00973B4E /* Departamento.swift */; };
		E3075C712A14320A00973B4E /* ProductoCell.swift in Sources */ = {isa = PBXBuildFile; fileRef = E3075C6F2A14320A00973B4E /* ProductoCell.swift */; };
		E3075C722A14320A00973B4E /* ProductoCell.xib in Resources */ = {isa = PBXBuildFile; fileRef = E3075C702A14320A00973B4E /* ProductoCell.xib */; };
		E3075C742A143F7300973B4E /* ProductoViewModel.swift in Sources */ = {isa = PBXBuildFile; fileRef = E3075C732A143F7300973B4E /* ProductoViewModel.swift */; };
		E3075CB62A1456D200973B4E /* GetAllProductoController.swift in Sources */ = {isa = PBXBuildFile; fileRef = E3075CB52A1456D200973B4E /* GetAllProductoController.swift */; };
		E312D7B22A1EC2C4001A93A6 /* ProductoSearch.swift in Sources */ = {isa = PBXBuildFile; fileRef = E312D7B12A1EC2C4001A93A6 /* ProductoSearch.swift */; };
		E31513262A1E78FC00AD3AA9 /* DepartaentoViewModel.swift in Sources */ = {isa = PBXBuildFile; fileRef = E31513252A1E78FC00AD3AA9 /* DepartaentoViewModel.swift */; };
		E31513282A1E910500AD3AA9 /* ProductoCollectionViewModel.swift in Sources */ = {isa = PBXBuildFile; fileRef = E31513272A1E910500AD3AA9 /* ProductoCollectionViewModel.swift */; };
		E31884AF2A1531B100E95C01 /* ProductoViewController.swift in Sources */ = {isa = PBXBuildFile; fileRef = E31884AE2A1531B100E95C01 /* ProductoViewController.swift */; };
		E31B4F742A02E86B001678BA /* GetAllUsuarioController.swift in Sources */ = {isa = PBXBuildFile; fileRef = E31B4F732A02E86B001678BA /* GetAllUsuarioController.swift */; };
		E31B4F772A02F118001678BA /* UsuarioCell.swift in Sources */ = {isa = PBXBuildFile; fileRef = E31B4F752A02F118001678BA /* UsuarioCell.swift */; };
		E31B4F782A02F118001678BA /* UsuarioCell.xib in Resources */ = {isa = PBXBuildFile; fileRef = E31B4F762A02F118001678BA /* UsuarioCell.xib */; };
		E33426482A1812500086F03E /* FirebaseAuth in Frameworks */ = {isa = PBXBuildFile; productRef = E33426472A1812500086F03E /* FirebaseAuth */; };
		E334264A2A1812500086F03E /* FirebaseCrashlytics in Frameworks */ = {isa = PBXBuildFile; productRef = E33426492A1812500086F03E /* FirebaseCrashlytics */; };
		E334264C2A1812500086F03E /* FirebaseStorage in Frameworks */ = {isa = PBXBuildFile; productRef = E334264B2A1812500086F03E /* FirebaseStorage */; };
		E334264F2A183AA20086F03E /* LoginViewController.swift in Sources */ = {isa = PBXBuildFile; fileRef = E334264E2A183AA20086F03E /* LoginViewController.swift */; };
		E36003F529FC349F00BA496F /* AppDelegate.swift in Sources */ = {isa = PBXBuildFile; fileRef = E36003F429FC349F00BA496F /* AppDelegate.swift */; };
		E36003F729FC349F00BA496F /* SceneDelegate.swift in Sources */ = {isa = PBXBuildFile; fileRef = E36003F629FC349F00BA496F /* SceneDelegate.swift */; };
		E36003F929FC349F00BA496F /* ViewController.swift in Sources */ = {isa = PBXBuildFile; fileRef = E36003F829FC349F00BA496F /* ViewController.swift */; };
		E36003FC29FC349F00BA496F /* Main.storyboard in Resources */ = {isa = PBXBuildFile; fileRef = E36003FA29FC349F00BA496F /* Main.storyboard */; };
		E36003FE29FC34A000BA496F /* Assets.xcassets in Resources */ = {isa = PBXBuildFile; fileRef = E36003FD29FC34A000BA496F /* Assets.xcassets */; };
		E360040129FC34A000BA496F /* LaunchScreen.storyboard in Resources */ = {isa = PBXBuildFile; fileRef = E36003FF29FC34A000BA496F /* LaunchScreen.storyboard */; };
		E360040929FC5BF200BA496F /* DBManager.swift in Sources */ = {isa = PBXBuildFile; fileRef = E360040829FC5BF100BA496F /* DBManager.swift */; };
		E360040B29FC6ECB00BA496F /* Usuario.swift in Sources */ = {isa = PBXBuildFile; fileRef = E360040A29FC6ECB00BA496F /* Usuario.swift */; };
		E36575142A1D258500B056D6 /* Main.storyboard in Resources */ = {isa = PBXBuildFile; fileRef = E36575122A1D258500B056D6 /* Main.storyboard */; };
		E36575162A1D258600B056D6 /* Assets.xcassets in Resources */ = {isa = PBXBuildFile; fileRef = E36575152A1D258600B056D6 /* Assets.xcassets */; };
		E36575192A1D258600B056D6 /* LaunchScreen.storyboard in Resources */ = {isa = PBXBuildFile; fileRef = E36575172A1D258600B056D6 /* LaunchScreen.storyboard */; };
		E36575352A1D999200B056D6 /* AreaViewModel.swift in Sources */ = {isa = PBXBuildFile; fileRef = E36575342A1D999200B056D6 /* AreaViewModel.swift */; };
		E36938712A0D81A6004D0D36 /* RolGetAllController.swift in Sources */ = {isa = PBXBuildFile; fileRef = E36938702A0D81A6004D0D36 /* RolGetAllController.swift */; };
		E36938732A0D81EB004D0D36 /* Rol.swift in Sources */ = {isa = PBXBuildFile; fileRef = E36938722A0D81EB004D0D36 /* Rol.swift */; };
		E36938772A0D8727004D0D36 /* RolViewModel.swift in Sources */ = {isa = PBXBuildFile; fileRef = E36938762A0D8727004D0D36 /* RolViewModel.swift */; };
		E36938792A0D8A3E004D0D36 /* RollViewController.swift in Sources */ = {isa = PBXBuildFile; fileRef = E36938782A0D8A3E004D0D36 /* RollViewController.swift */; };
		E369387D2A0D8C49004D0D36 /* RolCell.swift in Sources */ = {isa = PBXBuildFile; fileRef = E369387B2A0D8C49004D0D36 /* RolCell.swift */; };
		E369387E2A0D8C49004D0D36 /* RolCell.xib in Resources */ = {isa = PBXBuildFile; fileRef = E369387C2A0D8C49004D0D36 /* RolCell.xib */; };
		E36E87892A01979500F9DCE4 /* Result.swift in Sources */ = {isa = PBXBuildFile; fileRef = E36E87882A01979500F9DCE4 /* Result.swift */; };
		E3751BDD2A0ECB8300877205 /* iOSDropDown.framework in Frameworks */ = {isa = PBXBuildFile; fileRef = E3751BDC2A0ECB8300877205 /* iOSDropDown.framework */; };
		E37D7D4D2A2507A400AA264D /* CarritoViewCell.swift in Sources */ = {isa = PBXBuildFile; fileRef = E37D7D4B2A2507A400AA264D /* CarritoViewCell.swift */; };
		E37D7D4E2A2507A400AA264D /* CarritoViewCell.xib in Resources */ = {isa = PBXBuildFile; fileRef = E37D7D4C2A2507A400AA264D /* CarritoViewCell.xib */; };
		E37D7D502A250CFC00AA264D /* VentasProducto.swift in Sources */ = {isa = PBXBuildFile; fileRef = E37D7D4F2A250CFC00AA264D /* VentasProducto.swift */; };
		E3839ADA2A2165EA00D6F677 /* AreaController.swift in Sources */ = {isa = PBXBuildFile; fileRef = E3CC09272A201C1700A32889 /* AreaController.swift */; };
		E3839ADB2A2165EA00D6F677 /* DeptoCollectionController.swift in Sources */ = {isa = PBXBuildFile; fileRef = E3CC09292A201C8700A32889 /* DeptoCollectionController.swift */; };
		E3839ADC2A2165EA00D6F677 /* ProductoCollectionController.swift in Sources */ = {isa = PBXBuildFile; fileRef = E3CC092B2A201CD000A32889 /* ProductoCollectionController.swift */; };
		E3839ADD2A2165EA00D6F677 /* LoginViewController.swift in Sources */ = {isa = PBXBuildFile; fileRef = E3B349282A20466C00805B3F /* LoginViewController.swift */; };
		E3839ADE2A2165EA00D6F677 /* RegistroViewController.swift in Sources */ = {isa = PBXBuildFile; fileRef = E3B3492A2A2047B300805B3F /* RegistroViewController.swift */; };
		E3839ADF2A2165EA00D6F677 /* CarritoViewModel.swift in Sources */ = {isa = PBXBuildFile; fileRef = E3839AB32A21477D00D6F677 /* CarritoViewModel.swift */; };
		E3839AE02A2165EA00D6F677 /* ERosasEcommerceVenta.entitlements in Sources */ = {isa = PBXBuildFile; fileRef = E37BF4942A1FE82300FE0D6F /* ERosasEcommerceVenta.entitlements */; };
		E3839AE12A2165EA00D6F677 /* AppDelegate.swift in Sources */ = {isa = PBXBuildFile; fileRef = E365750C2A1D258500B056D6 /* AppDelegate.swift */; };
		E3839AE22A2165EA00D6F677 /* SceneDelegate.swift in Sources */ = {isa = PBXBuildFile; fileRef = E365750E2A1D258500B056D6 /* SceneDelegate.swift */; };
		E3839AE32A21662200D6F677 /* GoogleService-Info.plist in Sources */ = {isa = PBXBuildFile; fileRef = E3DC7C222A1BF5C200823EC4 /* GoogleService-Info.plist */; };
		E3839AE42A21662200D6F677 /* DBManager.swift in Sources */ = {isa = PBXBuildFile; fileRef = E360040829FC5BF100BA496F /* DBManager.swift */; };
		E3839AE52A21664500D6F677 /* AreaViewModel.swift in Sources */ = {isa = PBXBuildFile; fileRef = E36575342A1D999200B056D6 /* AreaViewModel.swift */; };
		E3839AE62A21664500D6F677 /* DepartaentoViewModel.swift in Sources */ = {isa = PBXBuildFile; fileRef = E31513252A1E78FC00AD3AA9 /* DepartaentoViewModel.swift */; };
		E3839AE72A21664500D6F677 /* ProductoCollectionViewModel.swift in Sources */ = {isa = PBXBuildFile; fileRef = E31513272A1E910500AD3AA9 /* ProductoCollectionViewModel.swift */; };
		E3839AE82A21664500D6F677 /* ProductoSearch.swift in Sources */ = {isa = PBXBuildFile; fileRef = E312D7B12A1EC2C4001A93A6 /* ProductoSearch.swift */; };
		E3839AE92A21666300D6F677 /* Result.swift in Sources */ = {isa = PBXBuildFile; fileRef = E36E87882A01979500F9DCE4 /* Result.swift */; };
		E3839AEA2A21666300D6F677 /* Producto.swift in Sources */ = {isa = PBXBuildFile; fileRef = E3075C662A142EFF00973B4E /* Producto.swift */; };
		E3839AEB2A21666300D6F677 /* Area.swift in Sources */ = {isa = PBXBuildFile; fileRef = E3075C682A142FAB00973B4E /* Area.swift */; };
		E3839AEC2A21666300D6F677 /* Departamento.swift in Sources */ = {isa = PBXBuildFile; fileRef = E3075C6C2A14307B00973B4E /* Departamento.swift */; };
		E3839AEE2A2167DF00D6F677 /* Proveedor.swift in Sources */ = {isa = PBXBuildFile; fileRef = E3075C6A2A14302F00973B4E /* Proveedor.swift */; };
		E3839AF02A21683100D6F677 /* ProductoCollectionCell.swift in Sources */ = {isa = PBXBuildFile; fileRef = E3CC09392A2024A400A32889 /* ProductoCollectionCell.swift */; };
		E3839AF12A21683100D6F677 /* AreaCell.swift in Sources */ = {isa = PBXBuildFile; fileRef = E3CC09342A20220600A32889 /* AreaCell.swift */; };
		E3839AF22A21686700D6F677 /* ProductoViewModel.swift in Sources */ = {isa = PBXBuildFile; fileRef = E3075C732A143F7300973B4E /* ProductoViewModel.swift */; };
		E3839AFB2A21738100D6F677 /* CarritoController.swift in Sources */ = {isa = PBXBuildFile; fileRef = E3839AFA2A21738100D6F677 /* CarritoController.swift */; };
		E3839B002A21875400D6F677 /* ERosasEcommerce.xcdatamodeld in Sources */ = {isa = PBXBuildFile; fileRef = E3839AB02A211FF100D6F677 /* ERosasEcommerce.xcdatamodeld */; };
		E3AE87062A043F4C00502CBF /* UsuarioViewModel.swift in Sources */ = {isa = PBXBuildFile; fileRef = E3AE87052A043F4C00502CBF /* UsuarioViewModel.swift */; };
		E3B3492D2A2048DD00805B3F /* FirebaseAnalytics in Frameworks */ = {isa = PBXBuildFile; productRef = E3B3492C2A2048DD00805B3F /* FirebaseAnalytics */; };
		E3B3492F2A2048DD00805B3F /* FirebaseAuth in Frameworks */ = {isa = PBXBuildFile; productRef = E3B3492E2A2048DD00805B3F /* FirebaseAuth */; };
		E3B349312A2048DD00805B3F /* FirebaseStorage in Frameworks */ = {isa = PBXBuildFile; productRef = E3B349302A2048DD00805B3F /* FirebaseStorage */; };
		E3CC09372A20220600A32889 /* AreaCell.xib in Resources */ = {isa = PBXBuildFile; fileRef = E3CC09352A20220600A32889 /* AreaCell.xib */; };
		E3CC093C2A2024A400A32889 /* ProductoCollectionCell.xib in Resources */ = {isa = PBXBuildFile; fileRef = E3CC093A2A2024A400A32889 /* ProductoCollectionCell.xib */; };
		E3DC7C232A1BF5C200823EC4 /* GoogleService-Info.plist in Resources */ = {isa = PBXBuildFile; fileRef = E3DC7C222A1BF5C200823EC4 /* GoogleService-Info.plist */; };
		E3DC7C252A1C1D8A00823EC4 /* RegistroViewController.swift in Sources */ = {isa = PBXBuildFile; fileRef = E3DC7C242A1C1D8A00823EC4 /* RegistroViewController.swift */; };
/* End PBXBuildFile section */

/* Begin PBXFileReference section */
		1A6224238F6B5B661A9C9CD6 /* Pods_ERosasEcommerceVenta.framework */ = {isa = PBXFileReference; explicitFileType = wrapper.framework; includeInIndex = 0; path = Pods_ERosasEcommerceVenta.framework; sourceTree = BUILT_PRODUCTS_DIR; };
		54A4924608100C2653F0CE53 /* Pods-ERosasEcommerceVenta.debug.xcconfig */ = {isa = PBXFileReference; includeInIndex = 1; lastKnownFileType = text.xcconfig; name = "Pods-ERosasEcommerceVenta.debug.xcconfig"; path = "Target Support Files/Pods-ERosasEcommerceVenta/Pods-ERosasEcommerceVenta.debug.xcconfig"; sourceTree = "<group>"; };
		54EF0B65C6A08F99F02CE3F0 /* Pods-ERosasEcommerce.release.xcconfig */ = {isa = PBXFileReference; includeInIndex = 1; lastKnownFileType = text.xcconfig; name = "Pods-ERosasEcommerce.release.xcconfig"; path = "Target Support Files/Pods-ERosasEcommerce/Pods-ERosasEcommerce.release.xcconfig"; sourceTree = "<group>"; };
		8974DA78957C2FF9F3AD81C6 /* Pods-ERosasEcommerce.debug.xcconfig */ = {isa = PBXFileReference; includeInIndex = 1; lastKnownFileType = text.xcconfig; name = "Pods-ERosasEcommerce.debug.xcconfig"; path = "Target Support Files/Pods-ERosasEcommerce/Pods-ERosasEcommerce.debug.xcconfig"; sourceTree = "<group>"; };
		A6C9BF6F28C7B40BB0258806 /* Pods-ERosasEcommerceVenta.release.xcconfig */ = {isa = PBXFileReference; includeInIndex = 1; lastKnownFileType = text.xcconfig; name = "Pods-ERosasEcommerceVenta.release.xcconfig"; path = "Target Support Files/Pods-ERosasEcommerceVenta/Pods-ERosasEcommerceVenta.release.xcconfig"; sourceTree = "<group>"; };
		E3075C662A142EFF00973B4E /* Producto.swift */ = {isa = PBXFileReference; lastKnownFileType = sourcecode.swift; path = Producto.swift; sourceTree = "<group>"; };
		E3075C682A142FAB00973B4E /* Area.swift */ = {isa = PBXFileReference; lastKnownFileType = sourcecode.swift; path = Area.swift; sourceTree = "<group>"; };
		E3075C6A2A14302F00973B4E /* Proveedor.swift */ = {isa = PBXFileReference; lastKnownFileType = sourcecode.swift; path = Proveedor.swift; sourceTree = "<group>"; };
		E3075C6C2A14307B00973B4E /* Departamento.swift */ = {isa = PBXFileReference; lastKnownFileType = sourcecode.swift; path = Departamento.swift; sourceTree = "<group>"; };
		E3075C6F2A14320A00973B4E /* ProductoCell.swift */ = {isa = PBXFileReference; lastKnownFileType = sourcecode.swift; name = ProductoCell.swift; path = ERosasEcommerce/View/ProductoCell.swift; sourceTree = SOURCE_ROOT; };
		E3075C702A14320A00973B4E /* ProductoCell.xib */ = {isa = PBXFileReference; lastKnownFileType = file.xib; name = ProductoCell.xib; path = ERosasEcommerce/View/ProductoCell.xib; sourceTree = SOURCE_ROOT; };
		E3075C732A143F7300973B4E /* ProductoViewModel.swift */ = {isa = PBXFileReference; lastKnownFileType = sourcecode.swift; path = ProductoViewModel.swift; sourceTree = "<group>"; };
		E3075CB52A1456D200973B4E /* GetAllProductoController.swift */ = {isa = PBXFileReference; lastKnownFileType = sourcecode.swift; path = GetAllProductoController.swift; sourceTree = "<group>"; };
		E312D7B12A1EC2C4001A93A6 /* ProductoSearch.swift */ = {isa = PBXFileReference; lastKnownFileType = sourcecode.swift; path = ProductoSearch.swift; sourceTree = "<group>"; };
		E31513252A1E78FC00AD3AA9 /* DepartaentoViewModel.swift */ = {isa = PBXFileReference; lastKnownFileType = sourcecode.swift; path = DepartaentoViewModel.swift; sourceTree = "<group>"; };
		E31513272A1E910500AD3AA9 /* ProductoCollectionViewModel.swift */ = {isa = PBXFileReference; lastKnownFileType = sourcecode.swift; path = ProductoCollectionViewModel.swift; sourceTree = "<group>"; };
		E31884AE2A1531B100E95C01 /* ProductoViewController.swift */ = {isa = PBXFileReference; lastKnownFileType = sourcecode.swift; path = ProductoViewController.swift; sourceTree = "<group>"; };
		E31B4F732A02E86B001678BA /* GetAllUsuarioController.swift */ = {isa = PBXFileReference; lastKnownFileType = sourcecode.swift; path = GetAllUsuarioController.swift; sourceTree = "<group>"; };
		E31B4F752A02F118001678BA /* UsuarioCell.swift */ = {isa = PBXFileReference; lastKnownFileType = sourcecode.swift; path = UsuarioCell.swift; sourceTree = "<group>"; };
		E31B4F762A02F118001678BA /* UsuarioCell.xib */ = {isa = PBXFileReference; lastKnownFileType = file.xib; path = UsuarioCell.xib; sourceTree = "<group>"; };
		E334264E2A183AA20086F03E /* LoginViewController.swift */ = {isa = PBXFileReference; lastKnownFileType = sourcecode.swift; path = LoginViewController.swift; sourceTree = "<group>"; };
		E36003F129FC349F00BA496F /* ERosasEcommerce.app */ = {isa = PBXFileReference; explicitFileType = wrapper.application; includeInIndex = 0; path = ERosasEcommerce.app; sourceTree = BUILT_PRODUCTS_DIR; };
		E36003F429FC349F00BA496F /* AppDelegate.swift */ = {isa = PBXFileReference; lastKnownFileType = sourcecode.swift; path = AppDelegate.swift; sourceTree = "<group>"; };
		E36003F629FC349F00BA496F /* SceneDelegate.swift */ = {isa = PBXFileReference; lastKnownFileType = sourcecode.swift; path = SceneDelegate.swift; sourceTree = "<group>"; };
		E36003F829FC349F00BA496F /* ViewController.swift */ = {isa = PBXFileReference; lastKnownFileType = sourcecode.swift; path = ViewController.swift; sourceTree = "<group>"; };
		E36003FB29FC349F00BA496F /* Base */ = {isa = PBXFileReference; lastKnownFileType = file.storyboard; name = Base; path = Base.lproj/Main.storyboard; sourceTree = "<group>"; };
		E36003FD29FC34A000BA496F /* Assets.xcassets */ = {isa = PBXFileReference; lastKnownFileType = folder.assetcatalog; path = Assets.xcassets; sourceTree = "<group>"; };
		E360040029FC34A000BA496F /* Base */ = {isa = PBXFileReference; lastKnownFileType = file.storyboard; name = Base; path = Base.lproj/LaunchScreen.storyboard; sourceTree = "<group>"; };
		E360040229FC34A000BA496F /* Info.plist */ = {isa = PBXFileReference; lastKnownFileType = text.plist.xml; path = Info.plist; sourceTree = "<group>"; };
		E360040829FC5BF100BA496F /* DBManager.swift */ = {isa = PBXFileReference; lastKnownFileType = sourcecode.swift; path = DBManager.swift; sourceTree = "<group>"; };
		E360040A29FC6ECB00BA496F /* Usuario.swift */ = {isa = PBXFileReference; lastKnownFileType = sourcecode.swift; path = Usuario.swift; sourceTree = "<group>"; };
		E365750A2A1D258500B056D6 /* ERosasEcommerceVenta.app */ = {isa = PBXFileReference; explicitFileType = wrapper.application; includeInIndex = 0; path = ERosasEcommerceVenta.app; sourceTree = BUILT_PRODUCTS_DIR; };
		E365750C2A1D258500B056D6 /* AppDelegate.swift */ = {isa = PBXFileReference; lastKnownFileType = sourcecode.swift; path = AppDelegate.swift; sourceTree = "<group>"; };
		E365750E2A1D258500B056D6 /* SceneDelegate.swift */ = {isa = PBXFileReference; lastKnownFileType = sourcecode.swift; path = SceneDelegate.swift; sourceTree = "<group>"; };
		E36575132A1D258500B056D6 /* Base */ = {isa = PBXFileReference; lastKnownFileType = file.storyboard; name = Base; path = Base.lproj/Main.storyboard; sourceTree = "<group>"; };
		E36575152A1D258600B056D6 /* Assets.xcassets */ = {isa = PBXFileReference; lastKnownFileType = folder.assetcatalog; path = Assets.xcassets; sourceTree = "<group>"; };
		E36575182A1D258600B056D6 /* Base */ = {isa = PBXFileReference; lastKnownFileType = file.storyboard; name = Base; path = Base.lproj/LaunchScreen.storyboard; sourceTree = "<group>"; };
		E365751A2A1D258600B056D6 /* Info.plist */ = {isa = PBXFileReference; lastKnownFileType = text.plist.xml; path = Info.plist; sourceTree = "<group>"; };
		E36575342A1D999200B056D6 /* AreaViewModel.swift */ = {isa = PBXFileReference; lastKnownFileType = sourcecode.swift; path = AreaViewModel.swift; sourceTree = "<group>"; };
		E36938702A0D81A6004D0D36 /* RolGetAllController.swift */ = {isa = PBXFileReference; lastKnownFileType = sourcecode.swift; path = RolGetAllController.swift; sourceTree = "<group>"; };
		E36938722A0D81EB004D0D36 /* Rol.swift */ = {isa = PBXFileReference; lastKnownFileType = sourcecode.swift; path = Rol.swift; sourceTree = "<group>"; };
		E36938762A0D8727004D0D36 /* RolViewModel.swift */ = {isa = PBXFileReference; lastKnownFileType = sourcecode.swift; path = RolViewModel.swift; sourceTree = "<group>"; };
		E36938782A0D8A3E004D0D36 /* RollViewController.swift */ = {isa = PBXFileReference; lastKnownFileType = sourcecode.swift; path = RollViewController.swift; sourceTree = "<group>"; };
		E369387B2A0D8C49004D0D36 /* RolCell.swift */ = {isa = PBXFileReference; lastKnownFileType = sourcecode.swift; path = RolCell.swift; sourceTree = "<group>"; };
		E369387C2A0D8C49004D0D36 /* RolCell.xib */ = {isa = PBXFileReference; lastKnownFileType = file.xib; path = RolCell.xib; sourceTree = "<group>"; };
		E36E87882A01979500F9DCE4 /* Result.swift */ = {isa = PBXFileReference; lastKnownFileType = sourcecode.swift; path = Result.swift; sourceTree = "<group>"; };
		E3751BDC2A0ECB8300877205 /* iOSDropDown.framework */ = {isa = PBXFileReference; explicitFileType = wrapper.framework; path = iOSDropDown.framework; sourceTree = BUILT_PRODUCTS_DIR; };
		E37BF4932A1FE7E900FE0D6F /* ERosasEcommerce.entitlements */ = {isa = PBXFileReference; lastKnownFileType = text.plist.entitlements; path = ERosasEcommerce.entitlements; sourceTree = "<group>"; };
		E37BF4942A1FE82300FE0D6F /* ERosasEcommerceVenta.entitlements */ = {isa = PBXFileReference; lastKnownFileType = text.plist.entitlements; path = ERosasEcommerceVenta.entitlements; sourceTree = "<group>"; };
		E37D7D4B2A2507A400AA264D /* CarritoViewCell.swift */ = {isa = PBXFileReference; lastKnownFileType = sourcecode.swift; path = CarritoViewCell.swift; sourceTree = "<group>"; };
		E37D7D4C2A2507A400AA264D /* CarritoViewCell.xib */ = {isa = PBXFileReference; lastKnownFileType = file.xib; path = CarritoViewCell.xib; sourceTree = "<group>"; };
		E37D7D4F2A250CFC00AA264D /* VentasProducto.swift */ = {isa = PBXFileReference; lastKnownFileType = sourcecode.swift; path = VentasProducto.swift; sourceTree = "<group>"; };
		E3839AB12A211FF100D6F677 /* ERosasEcommerce.xcdatamodel */ = {isa = PBXFileReference; lastKnownFileType = wrapper.xcdatamodel; path = ERosasEcommerce.xcdatamodel; sourceTree = "<group>"; };
		E3839AB32A21477D00D6F677 /* CarritoViewModel.swift */ = {isa = PBXFileReference; lastKnownFileType = sourcecode.swift; path = CarritoViewModel.swift; sourceTree = "<group>"; };
		E3839AFA2A21738100D6F677 /* CarritoController.swift */ = {isa = PBXFileReference; lastKnownFileType = sourcecode.swift; path = CarritoController.swift; sourceTree = "<group>"; };
		E3AE87052A043F4C00502CBF /* UsuarioViewModel.swift */ = {isa = PBXFileReference; lastKnownFileType = sourcecode.swift; path = UsuarioViewModel.swift; sourceTree = "<group>"; };
		E3B349282A20466C00805B3F /* LoginViewController.swift */ = {isa = PBXFileReference; lastKnownFileType = sourcecode.swift; path = LoginViewController.swift; sourceTree = "<group>"; };
		E3B3492A2A2047B300805B3F /* RegistroViewController.swift */ = {isa = PBXFileReference; lastKnownFileType = sourcecode.swift; path = RegistroViewController.swift; sourceTree = "<group>"; };
		E3CC09272A201C1700A32889 /* AreaController.swift */ = {isa = PBXFileReference; lastKnownFileType = sourcecode.swift; path = AreaController.swift; sourceTree = "<group>"; };
		E3CC09292A201C8700A32889 /* DeptoCollectionController.swift */ = {isa = PBXFileReference; lastKnownFileType = sourcecode.swift; path = DeptoCollectionController.swift; sourceTree = "<group>"; };
		E3CC092B2A201CD000A32889 /* ProductoCollectionController.swift */ = {isa = PBXFileReference; lastKnownFileType = sourcecode.swift; path = ProductoCollectionController.swift; sourceTree = "<group>"; };
		E3CC09342A20220600A32889 /* AreaCell.swift */ = {isa = PBXFileReference; lastKnownFileType = sourcecode.swift; path = AreaCell.swift; sourceTree = "<group>"; };
		E3CC09352A20220600A32889 /* AreaCell.xib */ = {isa = PBXFileReference; lastKnownFileType = file.xib; path = AreaCell.xib; sourceTree = "<group>"; };
		E3CC09392A2024A400A32889 /* ProductoCollectionCell.swift */ = {isa = PBXFileReference; lastKnownFileType = sourcecode.swift; path = ProductoCollectionCell.swift; sourceTree = "<group>"; };
		E3CC093A2A2024A400A32889 /* ProductoCollectionCell.xib */ = {isa = PBXFileReference; lastKnownFileType = file.xib; path = ProductoCollectionCell.xib; sourceTree = "<group>"; };
		E3DC7C222A1BF5C200823EC4 /* GoogleService-Info.plist */ = {isa = PBXFileReference; fileEncoding = 4; lastKnownFileType = text.plist.xml; path = "GoogleService-Info.plist"; sourceTree = "<group>"; };
		E3DC7C242A1C1D8A00823EC4 /* RegistroViewController.swift */ = {isa = PBXFileReference; lastKnownFileType = sourcecode.swift; path = RegistroViewController.swift; sourceTree = "<group>"; };
		F96E054A1CAA6C1A87C6E5D6 /* Pods_ERosasEcommerce.framework */ = {isa = PBXFileReference; explicitFileType = wrapper.framework; includeInIndex = 0; path = Pods_ERosasEcommerce.framework; sourceTree = BUILT_PRODUCTS_DIR; };
/* End PBXFileReference section */

/* Begin PBXFrameworksBuildPhase section */
		E36003EE29FC349F00BA496F /* Frameworks */ = {
			isa = PBXFrameworksBuildPhase;
			buildActionMask = 2147483647;
			files = (
				E3751BDD2A0ECB8300877205 /* iOSDropDown.framework in Frameworks */,
				E334264A2A1812500086F03E /* FirebaseCrashlytics in Frameworks */,
				E33426482A1812500086F03E /* FirebaseAuth in Frameworks */,
				E334264C2A1812500086F03E /* FirebaseStorage in Frameworks */,
				8C06B22CA93A3BBE14DE05F7 /* Pods_ERosasEcommerce.framework in Frameworks */,
			);
			runOnlyForDeploymentPostprocessing = 0;
		};
		E36575072A1D258500B056D6 /* Frameworks */ = {
			isa = PBXFrameworksBuildPhase;
			buildActionMask = 2147483647;
			files = (
				E3B3492D2A2048DD00805B3F /* FirebaseAnalytics in Frameworks */,
				E3B3492F2A2048DD00805B3F /* FirebaseAuth in Frameworks */,
				E3B349312A2048DD00805B3F /* FirebaseStorage in Frameworks */,
				B2966701610DFE1A9E3CFEBE /* Pods_ERosasEcommerceVenta.framework in Frameworks */,
			);
			runOnlyForDeploymentPostprocessing = 0;
		};
/* End PBXFrameworksBuildPhase section */

/* Begin PBXGroup section */
		0379563FC842C94AA76DFE79 /* Pods */ = {
			isa = PBXGroup;
			children = (
				8974DA78957C2FF9F3AD81C6 /* Pods-ERosasEcommerce.debug.xcconfig */,
				54EF0B65C6A08F99F02CE3F0 /* Pods-ERosasEcommerce.release.xcconfig */,
				54A4924608100C2653F0CE53 /* Pods-ERosasEcommerceVenta.debug.xcconfig */,
				A6C9BF6F28C7B40BB0258806 /* Pods-ERosasEcommerceVenta.release.xcconfig */,
			);
			path = Pods;
			sourceTree = "<group>";
		};
		CD57680325A52752AE37F633 /* Frameworks */ = {
			isa = PBXGroup;
			children = (
				E3751BDC2A0ECB8300877205 /* iOSDropDown.framework */,
				F96E054A1CAA6C1A87C6E5D6 /* Pods_ERosasEcommerce.framework */,
				1A6224238F6B5B661A9C9CD6 /* Pods_ERosasEcommerceVenta.framework */,
			);
			name = Frameworks;
			sourceTree = "<group>";
		};
		E3075C6E2A14314900973B4E /* ProductoCell */ = {
			isa = PBXGroup;
			children = (
				E3075C6F2A14320A00973B4E /* ProductoCell.swift */,
				E3075C702A14320A00973B4E /* ProductoCell.xib */,
			);
			path = ProductoCell;
			sourceTree = "<group>";
		};
		E3075CB42A14545300973B4E /* Producto */ = {
			isa = PBXGroup;
			children = (
				E3075CB52A1456D200973B4E /* GetAllProductoController.swift */,
				E31884AE2A1531B100E95C01 /* ProductoViewController.swift */,
			);
			path = Producto;
			sourceTree = "<group>";
		};
		E334264D2A183A470086F03E /* Login */ = {
			isa = PBXGroup;
			children = (
				E334264E2A183AA20086F03E /* LoginViewController.swift */,
				E3DC7C242A1C1D8A00823EC4 /* RegistroViewController.swift */,
			);
			path = Login;
			sourceTree = "<group>";
		};
		E36003E829FC349F00BA496F = {
			isa = PBXGroup;
			children = (
				E3DC7C222A1BF5C200823EC4 /* GoogleService-Info.plist */,
				E36003F329FC349F00BA496F /* ERosasEcommerce */,
				E365750B2A1D258500B056D6 /* ERosasEcommerceVenta */,
				E36003F229FC349F00BA496F /* Products */,
				0379563FC842C94AA76DFE79 /* Pods */,
				CD57680325A52752AE37F633 /* Frameworks */,
			);
			sourceTree = "<group>";
		};
		E36003F229FC349F00BA496F /* Products */ = {
			isa = PBXGroup;
			children = (
				E36003F129FC349F00BA496F /* ERosasEcommerce.app */,
				E365750A2A1D258500B056D6 /* ERosasEcommerceVenta.app */,
			);
			name = Products;
			sourceTree = "<group>";
		};
		E36003F329FC349F00BA496F /* ERosasEcommerce */ = {
			isa = PBXGroup;
			children = (
				E37BF4932A1FE7E900FE0D6F /* ERosasEcommerce.entitlements */,
				E3AE87022A043E1A00502CBF /* Util */,
				E3AE87012A043E0B00502CBF /* Controller */,
				E3AE87002A043DF800502CBF /* ViewModel */,
				E3AE86FF2A043DE600502CBF /* View */,
				E3AE86FE2A043DCE00502CBF /* Model */,
				E36003F429FC349F00BA496F /* AppDelegate.swift */,
				E36003F629FC349F00BA496F /* SceneDelegate.swift */,
				E36003FD29FC34A000BA496F /* Assets.xcassets */,
				E360040229FC34A000BA496F /* Info.plist */,
			);
			path = ERosasEcommerce;
			sourceTree = "<group>";
		};
		E365750B2A1D258500B056D6 /* ERosasEcommerceVenta */ = {
			isa = PBXGroup;
			children = (
				E3839AB02A211FF100D6F677 /* ERosasEcommerce.xcdatamodeld */,
				E37D7D512A25754900AA264D /* Test */,
				E3839B012A218BF600D6F677 /* Model */,
				E3839AF82A2172F000D6F677 /* ViewModel */,
				E3CC09202A20144700A32889 /* View */,
				E37BF49C2A20073F00FE0D6F /* Controller */,
				E37BF4942A1FE82300FE0D6F /* ERosasEcommerceVenta.entitlements */,
				E365750C2A1D258500B056D6 /* AppDelegate.swift */,
				E365750E2A1D258500B056D6 /* SceneDelegate.swift */,
				E36575122A1D258500B056D6 /* Main.storyboard */,
				E36575152A1D258600B056D6 /* Assets.xcassets */,
				E36575172A1D258600B056D6 /* LaunchScreen.storyboard */,
				E365751A2A1D258600B056D6 /* Info.plist */,
			);
			path = ERosasEcommerceVenta;
			sourceTree = "<group>";
		};
		E369386F2A0D8152004D0D36 /* Rol */ = {
			isa = PBXGroup;
			children = (
				E36938702A0D81A6004D0D36 /* RolGetAllController.swift */,
				E36938782A0D8A3E004D0D36 /* RollViewController.swift */,
			);
			path = Rol;
			sourceTree = "<group>";
		};
		E369387A2A0D8BB5004D0D36 /* RolCell */ = {
			isa = PBXGroup;
			children = (
				E369387B2A0D8C49004D0D36 /* RolCell.swift */,
				E369387C2A0D8C49004D0D36 /* RolCell.xib */,
			);
			path = RolCell;
			sourceTree = "<group>";
		};
		E37BF49C2A20073F00FE0D6F /* Controller */ = {
			isa = PBXGroup;
			children = (
				E3839AF72A2172C100D6F677 /* CarritoFlujo2 */,
				E3839AF62A21729200D6F677 /* Sesion */,
				E3839AF52A21726E00D6F677 /* DepartamentoFlujo1 */,
			);
			path = Controller;
			sourceTree = "<group>";
		};
		E37D7D512A25754900AA264D /* Test */ = {
			isa = PBXGroup;
			children = (
			);
			path = Test;
			sourceTree = "<group>";
		};
		E3839AC42A21641900D6F677 /* Carrito */ = {
			isa = PBXGroup;
			children = (
				E37D7D4B2A2507A400AA264D /* CarritoViewCell.swift */,
				E37D7D4C2A2507A400AA264D /* CarritoViewCell.xib */,
			);
			path = Carrito;
			sourceTree = "<group>";
		};
		E3839AF52A21726E00D6F677 /* DepartamentoFlujo1 */ = {
			isa = PBXGroup;
			children = (
				E3CC092B2A201CD000A32889 /* ProductoCollectionController.swift */,
				E3CC09292A201C8700A32889 /* DeptoCollectionController.swift */,
				E3CC09272A201C1700A32889 /* AreaController.swift */,
			);
			path = DepartamentoFlujo1;
			sourceTree = "<group>";
		};
		E3839AF62A21729200D6F677 /* Sesion */ = {
			isa = PBXGroup;
			children = (
				E3B349282A20466C00805B3F /* LoginViewController.swift */,
				E3B3492A2A2047B300805B3F /* RegistroViewController.swift */,
			);
			path = Sesion;
			sourceTree = "<group>";
		};
		E3839AF72A2172C100D6F677 /* CarritoFlujo2 */ = {
			isa = PBXGroup;
			children = (
				E3839AFA2A21738100D6F677 /* CarritoController.swift */,
			);
			path = CarritoFlujo2;
			sourceTree = "<group>";
		};
		E3839AF82A2172F000D6F677 /* ViewModel */ = {
			isa = PBXGroup;
			children = (
				E3839AF92A21734600D6F677 /* Carrito */,
			);
			path = ViewModel;
			sourceTree = "<group>";
		};
		E3839AF92A21734600D6F677 /* Carrito */ = {
			isa = PBXGroup;
			children = (
				E3839AB32A21477D00D6F677 /* CarritoViewModel.swift */,
			);
			path = Carrito;
			sourceTree = "<group>";
		};
		E3839B012A218BF600D6F677 /* Model */ = {
			isa = PBXGroup;
			children = (
				E37D7D4F2A250CFC00AA264D /* VentasProducto.swift */,
			);
			path = Model;
			sourceTree = "<group>";
		};
		E3AE86FE2A043DCE00502CBF /* Model */ = {
			isa = PBXGroup;
			children = (
				E36E87882A01979500F9DCE4 /* Result.swift */,
				E360040A29FC6ECB00BA496F /* Usuario.swift */,
				E36938722A0D81EB004D0D36 /* Rol.swift */,
				E3075C662A142EFF00973B4E /* Producto.swift */,
				E3075C682A142FAB00973B4E /* Area.swift */,
				E3075C6A2A14302F00973B4E /* Proveedor.swift */,
				E3075C6C2A14307B00973B4E /* Departamento.swift */,
			);
			path = Model;
			sourceTree = "<group>";
		};
		E3AE86FF2A043DE600502CBF /* View */ = {
			isa = PBXGroup;
			children = (
				E3AE87042A043EB300502CBF /* UsuarioCell */,
				E3075C6E2A14314900973B4E /* ProductoCell */,
				E369387A2A0D8BB5004D0D36 /* RolCell */,
				E36003FF29FC34A000BA496F /* LaunchScreen.storyboard */,
				E36003FA29FC349F00BA496F /* Main.storyboard */,
			);
			path = View;
			sourceTree = "<group>";
		};
		E3AE87002A043DF800502CBF /* ViewModel */ = {
			isa = PBXGroup;
			children = (
				E3AE87052A043F4C00502CBF /* UsuarioViewModel.swift */,
				E36938762A0D8727004D0D36 /* RolViewModel.swift */,
				E3075C732A143F7300973B4E /* ProductoViewModel.swift */,
				E36575342A1D999200B056D6 /* AreaViewModel.swift */,
				E31513252A1E78FC00AD3AA9 /* DepartaentoViewModel.swift */,
				E31513272A1E910500AD3AA9 /* ProductoCollectionViewModel.swift */,
				E312D7B12A1EC2C4001A93A6 /* ProductoSearch.swift */,
			);
			path = ViewModel;
			sourceTree = "<group>";
		};
		E3AE87012A043E0B00502CBF /* Controller */ = {
			isa = PBXGroup;
			children = (
				E334264D2A183A470086F03E /* Login */,
				E3075CB42A14545300973B4E /* Producto */,
				E369386F2A0D8152004D0D36 /* Rol */,
				E3AE87032A043E7800502CBF /* Usuario */,
			);
			path = Controller;
			sourceTree = "<group>";
		};
		E3AE87022A043E1A00502CBF /* Util */ = {
			isa = PBXGroup;
			children = (
				E360040829FC5BF100BA496F /* DBManager.swift */,
			);
			path = Util;
			sourceTree = "<group>";
		};
		E3AE87032A043E7800502CBF /* Usuario */ = {
			isa = PBXGroup;
			children = (
				E31B4F732A02E86B001678BA /* GetAllUsuarioController.swift */,
				E36003F829FC349F00BA496F /* ViewController.swift */,
			);
			path = Usuario;
			sourceTree = "<group>";
		};
		E3AE87042A043EB300502CBF /* UsuarioCell */ = {
			isa = PBXGroup;
			children = (
				E31B4F752A02F118001678BA /* UsuarioCell.swift */,
				E31B4F762A02F118001678BA /* UsuarioCell.xib */,
			);
			path = UsuarioCell;
			sourceTree = "<group>";
		};
		E3CC09202A20144700A32889 /* View */ = {
			isa = PBXGroup;
			children = (
				E3839AC42A21641900D6F677 /* Carrito */,
				E3CC09382A20247000A32889 /* CardProducto */,
				E3CC092D2A20207600A32889 /* AreaDeptoCell */,
			);
			path = View;
			sourceTree = "<group>";
		};
		E3CC092D2A20207600A32889 /* AreaDeptoCell */ = {
			isa = PBXGroup;
			children = (
				E3CC09342A20220600A32889 /* AreaCell.swift */,
				E3CC09352A20220600A32889 /* AreaCell.xib */,
			);
			path = AreaDeptoCell;
			sourceTree = "<group>";
		};
		E3CC09382A20247000A32889 /* CardProducto */ = {
			isa = PBXGroup;
			children = (
				E3CC09392A2024A400A32889 /* ProductoCollectionCell.swift */,
				E3CC093A2A2024A400A32889 /* ProductoCollectionCell.xib */,
			);
			path = CardProducto;
			sourceTree = "<group>";
		};
/* End PBXGroup section */

/* Begin PBXNativeTarget section */
		E36003F029FC349F00BA496F /* ERosasEcommerce */ = {
			isa = PBXNativeTarget;
			buildConfigurationList = E360040529FC34A000BA496F /* Build configuration list for PBXNativeTarget "ERosasEcommerce" */;
			buildPhases = (
				2592600CCC9DC1E6B8DA4E68 /* [CP] Check Pods Manifest.lock */,
				E36003ED29FC349F00BA496F /* Sources */,
				E36003EE29FC349F00BA496F /* Frameworks */,
				E36003EF29FC349F00BA496F /* Resources */,
				557F5EBA10649A648095CEBD /* [CP] Embed Pods Frameworks */,
			);
			buildRules = (
			);
			dependencies = (
			);
			name = ERosasEcommerce;
			packageProductDependencies = (
				E33426472A1812500086F03E /* FirebaseAuth */,
				E33426492A1812500086F03E /* FirebaseCrashlytics */,
				E334264B2A1812500086F03E /* FirebaseStorage */,
			);
			productName = ERosasEcommerce;
			productReference = E36003F129FC349F00BA496F /* ERosasEcommerce.app */;
			productType = "com.apple.product-type.application";
		};
		E36575092A1D258500B056D6 /* ERosasEcommerceVenta */ = {
			isa = PBXNativeTarget;
			buildConfigurationList = E365751D2A1D258600B056D6 /* Build configuration list for PBXNativeTarget "ERosasEcommerceVenta" */;
			buildPhases = (
				714F9AD04B86417366788130 /* [CP] Check Pods Manifest.lock */,
				E36575072A1D258500B056D6 /* Frameworks */,
				E36575082A1D258500B056D6 /* Resources */,
				E3839AD32A21654800D6F677 /* Sources */,
				C466BC3123B8EC65DB925939 /* [CP] Embed Pods Frameworks */,
			);
			buildRules = (
			);
			dependencies = (
			);
			name = ERosasEcommerceVenta;
			packageProductDependencies = (
				E3B3492C2A2048DD00805B3F /* FirebaseAnalytics */,
				E3B3492E2A2048DD00805B3F /* FirebaseAuth */,
				E3B349302A2048DD00805B3F /* FirebaseStorage */,
			);
			productName = ERosasEcommerceVenta;
			productReference = E365750A2A1D258500B056D6 /* ERosasEcommerceVenta.app */;
			productType = "com.apple.product-type.application";
		};
/* End PBXNativeTarget section */

/* Begin PBXProject section */
		E36003E929FC349F00BA496F /* Project object */ = {
			isa = PBXProject;
			attributes = {
				BuildIndependentTargetsInParallel = 1;
				LastSwiftUpdateCheck = 1420;
				LastUpgradeCheck = 1420;
				TargetAttributes = {
					E36003F029FC349F00BA496F = {
						CreatedOnToolsVersion = 14.2;
					};
					E36575092A1D258500B056D6 = {
						CreatedOnToolsVersion = 14.2;
					};
				};
			};
			buildConfigurationList = E36003EC29FC349F00BA496F /* Build configuration list for PBXProject "ERosasEcommerce" */;
			compatibilityVersion = "Xcode 14.0";
			developmentRegion = en;
			hasScannedForEncodings = 0;
			knownRegions = (
				en,
				Base,
			);
			mainGroup = E36003E829FC349F00BA496F;
			packageReferences = (
				E33426462A1812500086F03E /* XCRemoteSwiftPackageReference "firebase-ios-sdk" */,
			);
			productRefGroup = E36003F229FC349F00BA496F /* Products */;
			projectDirPath = "";
			projectRoot = "";
			targets = (
				E36003F029FC349F00BA496F /* ERosasEcommerce */,
				E36575092A1D258500B056D6 /* ERosasEcommerceVenta */,
			);
		};
/* End PBXProject section */

/* Begin PBXResourcesBuildPhase section */
		E36003EF29FC349F00BA496F /* Resources */ = {
			isa = PBXResourcesBuildPhase;
			buildActionMask = 2147483647;
			files = (
				E31B4F782A02F118001678BA /* UsuarioCell.xib in Resources */,
				E360040129FC34A000BA496F /* LaunchScreen.storyboard in Resources */,
				E36003FE29FC34A000BA496F /* Assets.xcassets in Resources */,
				E369387E2A0D8C49004D0D36 /* RolCell.xib in Resources */,
				E36003FC29FC349F00BA496F /* Main.storyboard in Resources */,
				E3075C722A14320A00973B4E /* ProductoCell.xib in Resources */,
				E3DC7C232A1BF5C200823EC4 /* GoogleService-Info.plist in Resources */,
			);
			runOnlyForDeploymentPostprocessing = 0;
		};
		E36575082A1D258500B056D6 /* Resources */ = {
			isa = PBXResourcesBuildPhase;
			buildActionMask = 2147483647;
			files = (
				E36575192A1D258600B056D6 /* LaunchScreen.storyboard in Resources */,
				E37D7D4E2A2507A400AA264D /* CarritoViewCell.xib in Resources */,
				E36575162A1D258600B056D6 /* Assets.xcassets in Resources */,
				E3CC093C2A2024A400A32889 /* ProductoCollectionCell.xib in Resources */,
				E3CC09372A20220600A32889 /* AreaCell.xib in Resources */,
				E36575142A1D258500B056D6 /* Main.storyboard in Resources */,
			);
			runOnlyForDeploymentPostprocessing = 0;
		};
/* End PBXResourcesBuildPhase section */

/* Begin PBXShellScriptBuildPhase section */
		2592600CCC9DC1E6B8DA4E68 /* [CP] Check Pods Manifest.lock */ = {
			isa = PBXShellScriptBuildPhase;
			buildActionMask = 2147483647;
			files = (
			);
			inputFileListPaths = (
			);
			inputPaths = (
				"${PODS_PODFILE_DIR_PATH}/Podfile.lock",
				"${PODS_ROOT}/Manifest.lock",
			);
			name = "[CP] Check Pods Manifest.lock";
			outputFileListPaths = (
			);
			outputPaths = (
				"$(DERIVED_FILE_DIR)/Pods-ERosasEcommerce-checkManifestLockResult.txt",
			);
			runOnlyForDeploymentPostprocessing = 0;
			shellPath = /bin/sh;
			shellScript = "diff \"${PODS_PODFILE_DIR_PATH}/Podfile.lock\" \"${PODS_ROOT}/Manifest.lock\" > /dev/null\nif [ $? != 0 ] ; then\n    # print error to STDERR\n    echo \"error: The sandbox is not in sync with the Podfile.lock. Run 'pod install' or update your CocoaPods installation.\" >&2\n    exit 1\nfi\n# This output is used by Xcode 'outputs' to avoid re-running this script phase.\necho \"SUCCESS\" > \"${SCRIPT_OUTPUT_FILE_0}\"\n";
			showEnvVarsInLog = 0;
		};
		557F5EBA10649A648095CEBD /* [CP] Embed Pods Frameworks */ = {
			isa = PBXShellScriptBuildPhase;
			buildActionMask = 2147483647;
			files = (
			);
			inputFileListPaths = (
				"${PODS_ROOT}/Target Support Files/Pods-ERosasEcommerce/Pods-ERosasEcommerce-frameworks-${CONFIGURATION}-input-files.xcfilelist",
			);
			name = "[CP] Embed Pods Frameworks";
			outputFileListPaths = (
				"${PODS_ROOT}/Target Support Files/Pods-ERosasEcommerce/Pods-ERosasEcommerce-frameworks-${CONFIGURATION}-output-files.xcfilelist",
			);
			runOnlyForDeploymentPostprocessing = 0;
			shellPath = /bin/sh;
			shellScript = "\"${PODS_ROOT}/Target Support Files/Pods-ERosasEcommerce/Pods-ERosasEcommerce-frameworks.sh\"\n";
			showEnvVarsInLog = 0;
		};
		714F9AD04B86417366788130 /* [CP] Check Pods Manifest.lock */ = {
			isa = PBXShellScriptBuildPhase;
			buildActionMask = 2147483647;
			files = (
			);
			inputFileListPaths = (
			);
			inputPaths = (
				"${PODS_PODFILE_DIR_PATH}/Podfile.lock",
				"${PODS_ROOT}/Manifest.lock",
			);
			name = "[CP] Check Pods Manifest.lock";
			outputFileListPaths = (
			);
			outputPaths = (
				"$(DERIVED_FILE_DIR)/Pods-ERosasEcommerceVenta-checkManifestLockResult.txt",
			);
			runOnlyForDeploymentPostprocessing = 0;
			shellPath = /bin/sh;
			shellScript = "diff \"${PODS_PODFILE_DIR_PATH}/Podfile.lock\" \"${PODS_ROOT}/Manifest.lock\" > /dev/null\nif [ $? != 0 ] ; then\n    # print error to STDERR\n    echo \"error: The sandbox is not in sync with the Podfile.lock. Run 'pod install' or update your CocoaPods installation.\" >&2\n    exit 1\nfi\n# This output is used by Xcode 'outputs' to avoid re-running this script phase.\necho \"SUCCESS\" > \"${SCRIPT_OUTPUT_FILE_0}\"\n";
			showEnvVarsInLog = 0;
		};
		C466BC3123B8EC65DB925939 /* [CP] Embed Pods Frameworks */ = {
			isa = PBXShellScriptBuildPhase;
			buildActionMask = 2147483647;
			files = (
			);
			inputFileListPaths = (
				"${PODS_ROOT}/Target Support Files/Pods-ERosasEcommerceVenta/Pods-ERosasEcommerceVenta-frameworks-${CONFIGURATION}-input-files.xcfilelist",
			);
			name = "[CP] Embed Pods Frameworks";
			outputFileListPaths = (
				"${PODS_ROOT}/Target Support Files/Pods-ERosasEcommerceVenta/Pods-ERosasEcommerceVenta-frameworks-${CONFIGURATION}-output-files.xcfilelist",
			);
			runOnlyForDeploymentPostprocessing = 0;
			shellPath = /bin/sh;
			shellScript = "\"${PODS_ROOT}/Target Support Files/Pods-ERosasEcommerceVenta/Pods-ERosasEcommerceVenta-frameworks.sh\"\n";
			showEnvVarsInLog = 0;
		};
/* End PBXShellScriptBuildPhase section */

/* Begin PBXSourcesBuildPhase section */
		E36003ED29FC349F00BA496F /* Sources */ = {
			isa = PBXSourcesBuildPhase;
			buildActionMask = 2147483647;
			files = (
				E36E87892A01979500F9DCE4 /* Result.swift in Sources */,
				E36003F929FC349F00BA496F /* ViewController.swift in Sources */,
				E31B4F742A02E86B001678BA /* GetAllUsuarioController.swift in Sources */,
				E334264F2A183AA20086F03E /* LoginViewController.swift in Sources */,
				E3075CB62A1456D200973B4E /* GetAllProductoController.swift in Sources */,
				E3075C6D2A14307B00973B4E /* Departamento.swift in Sources */,
				E31513262A1E78FC00AD3AA9 /* DepartaentoViewModel.swift in Sources */,
				E3075C6B2A14302F00973B4E /* Proveedor.swift in Sources */,
				E369387D2A0D8C49004D0D36 /* RolCell.swift in Sources */,
				E36003F529FC349F00BA496F /* AppDelegate.swift in Sources */,
				E31884AF2A1531B100E95C01 /* ProductoViewController.swift in Sources */,
				E31513282A1E910500AD3AA9 /* ProductoCollectionViewModel.swift in Sources */,
				E36938712A0D81A6004D0D36 /* RolGetAllController.swift in Sources */,
				E31B4F772A02F118001678BA /* UsuarioCell.swift in Sources */,
				E36938732A0D81EB004D0D36 /* Rol.swift in Sources */,
				E3DC7C252A1C1D8A00823EC4 /* RegistroViewController.swift in Sources */,
				E36938792A0D8A3E004D0D36 /* RollViewController.swift in Sources */,
				E36003F729FC349F00BA496F /* SceneDelegate.swift in Sources */,
				E36938772A0D8727004D0D36 /* RolViewModel.swift in Sources */,
				E3AE87062A043F4C00502CBF /* UsuarioViewModel.swift in Sources */,
				E3075C742A143F7300973B4E /* ProductoViewModel.swift in Sources */,
				E3075C672A142EFF00973B4E /* Producto.swift in Sources */,
				E360040B29FC6ECB00BA496F /* Usuario.swift in Sources */,
				E3075C692A142FAB00973B4E /* Area.swift in Sources */,
				E312D7B22A1EC2C4001A93A6 /* ProductoSearch.swift in Sources */,
				E3075C712A14320A00973B4E /* ProductoCell.swift in Sources */,
				E36575352A1D999200B056D6 /* AreaViewModel.swift in Sources */,
				E360040929FC5BF200BA496F /* DBManager.swift in Sources */,
			);
			runOnlyForDeploymentPostprocessing = 0;
		};
		E3839AD32A21654800D6F677 /* Sources */ = {
			isa = PBXSourcesBuildPhase;
			buildActionMask = 2147483647;
			files = (
				E3839B002A21875400D6F677 /* ERosasEcommerce.xcdatamodeld in Sources */,
				E3839AFB2A21738100D6F677 /* CarritoController.swift in Sources */,
				E3839AF22A21686700D6F677 /* ProductoViewModel.swift in Sources */,
				E3839AF02A21683100D6F677 /* ProductoCollectionCell.swift in Sources */,
				E3839AF12A21683100D6F677 /* AreaCell.swift in Sources */,
				E3839AEE2A2167DF00D6F677 /* Proveedor.swift in Sources */,
				E3839AE92A21666300D6F677 /* Result.swift in Sources */,
				E37D7D502A250CFC00AA264D /* VentasProducto.swift in Sources */,
				E3839AEA2A21666300D6F677 /* Producto.swift in Sources */,
				E3839AEB2A21666300D6F677 /* Area.swift in Sources */,
				E3839AEC2A21666300D6F677 /* Departamento.swift in Sources */,
				E3839AE52A21664500D6F677 /* AreaViewModel.swift in Sources */,
				E3839AE62A21664500D6F677 /* DepartaentoViewModel.swift in Sources */,
				E37D7D4D2A2507A400AA264D /* CarritoViewCell.swift in Sources */,
				E3839AE72A21664500D6F677 /* ProductoCollectionViewModel.swift in Sources */,
				E3839AE82A21664500D6F677 /* ProductoSearch.swift in Sources */,
				E3839AE32A21662200D6F677 /* GoogleService-Info.plist in Sources */,
				E3839AE42A21662200D6F677 /* DBManager.swift in Sources */,
				E3839ADA2A2165EA00D6F677 /* AreaController.swift in Sources */,
				E3839ADB2A2165EA00D6F677 /* DeptoCollectionController.swift in Sources */,
				E3839ADC2A2165EA00D6F677 /* ProductoCollectionController.swift in Sources */,
				E3839ADD2A2165EA00D6F677 /* LoginViewController.swift in Sources */,
				E3839ADE2A2165EA00D6F677 /* RegistroViewController.swift in Sources */,
				E3839ADF2A2165EA00D6F677 /* CarritoViewModel.swift in Sources */,
				E3839AE02A2165EA00D6F677 /* ERosasEcommerceVenta.entitlements in Sources */,
				E3839AE12A2165EA00D6F677 /* AppDelegate.swift in Sources */,
				E3839AE22A2165EA00D6F677 /* SceneDelegate.swift in Sources */,
			);
			runOnlyForDeploymentPostprocessing = 0;
		};
/* End PBXSourcesBuildPhase section */

/* Begin PBXVariantGroup section */
		E36003FA29FC349F00BA496F /* Main.storyboard */ = {
			isa = PBXVariantGroup;
			children = (
				E36003FB29FC349F00BA496F /* Base */,
			);
			name = Main.storyboard;
			sourceTree = "<group>";
		};
		E36003FF29FC34A000BA496F /* LaunchScreen.storyboard */ = {
			isa = PBXVariantGroup;
			children = (
				E360040029FC34A000BA496F /* Base */,
			);
			name = LaunchScreen.storyboard;
			sourceTree = "<group>";
		};
		E36575122A1D258500B056D6 /* Main.storyboard */ = {
			isa = PBXVariantGroup;
			children = (
				E36575132A1D258500B056D6 /* Base */,
			);
			name = Main.storyboard;
			sourceTree = "<group>";
		};
		E36575172A1D258600B056D6 /* LaunchScreen.storyboard */ = {
			isa = PBXVariantGroup;
			children = (
				E36575182A1D258600B056D6 /* Base */,
			);
			name = LaunchScreen.storyboard;
			sourceTree = "<group>";
		};
/* End PBXVariantGroup section */

/* Begin XCBuildConfiguration section */
		E360040329FC34A000BA496F /* Debug */ = {
			isa = XCBuildConfiguration;
			buildSettings = {
				ALWAYS_SEARCH_USER_PATHS = NO;
				CLANG_ANALYZER_NONNULL = YES;
				CLANG_ANALYZER_NUMBER_OBJECT_CONVERSION = YES_AGGRESSIVE;
				CLANG_CXX_LANGUAGE_STANDARD = "gnu++20";
				CLANG_ENABLE_MODULES = YES;
				CLANG_ENABLE_OBJC_ARC = YES;
				CLANG_ENABLE_OBJC_WEAK = YES;
				CLANG_WARN_BLOCK_CAPTURE_AUTORELEASING = YES;
				CLANG_WARN_BOOL_CONVERSION = YES;
				CLANG_WARN_COMMA = YES;
				CLANG_WARN_CONSTANT_CONVERSION = YES;
				CLANG_WARN_DEPRECATED_OBJC_IMPLEMENTATIONS = YES;
				CLANG_WARN_DIRECT_OBJC_ISA_USAGE = YES_ERROR;
				CLANG_WARN_DOCUMENTATION_COMMENTS = YES;
				CLANG_WARN_EMPTY_BODY = YES;
				CLANG_WARN_ENUM_CONVERSION = YES;
				CLANG_WARN_INFINITE_RECURSION = YES;
				CLANG_WARN_INT_CONVERSION = YES;
				CLANG_WARN_NON_LITERAL_NULL_CONVERSION = YES;
				CLANG_WARN_OBJC_IMPLICIT_RETAIN_SELF = YES;
				CLANG_WARN_OBJC_LITERAL_CONVERSION = YES;
				CLANG_WARN_OBJC_ROOT_CLASS = YES_ERROR;
				CLANG_WARN_QUOTED_INCLUDE_IN_FRAMEWORK_HEADER = YES;
				CLANG_WARN_RANGE_LOOP_ANALYSIS = YES;
				CLANG_WARN_STRICT_PROTOTYPES = YES;
				CLANG_WARN_SUSPICIOUS_MOVE = YES;
				CLANG_WARN_UNGUARDED_AVAILABILITY = YES_AGGRESSIVE;
				CLANG_WARN_UNREACHABLE_CODE = YES;
				CLANG_WARN__DUPLICATE_METHOD_MATCH = YES;
				COPY_PHASE_STRIP = NO;
				DEBUG_INFORMATION_FORMAT = dwarf;
				ENABLE_STRICT_OBJC_MSGSEND = YES;
				ENABLE_TESTABILITY = YES;
				GCC_C_LANGUAGE_STANDARD = gnu11;
				GCC_DYNAMIC_NO_PIC = NO;
				GCC_NO_COMMON_BLOCKS = YES;
				GCC_OPTIMIZATION_LEVEL = 0;
				GCC_PREPROCESSOR_DEFINITIONS = (
					"DEBUG=1",
					"$(inherited)",
				);
				GCC_WARN_64_TO_32_BIT_CONVERSION = YES;
				GCC_WARN_ABOUT_RETURN_TYPE = YES_ERROR;
				GCC_WARN_UNDECLARED_SELECTOR = YES;
				GCC_WARN_UNINITIALIZED_AUTOS = YES_AGGRESSIVE;
				GCC_WARN_UNUSED_FUNCTION = YES;
				GCC_WARN_UNUSED_VARIABLE = YES;
				IPHONEOS_DEPLOYMENT_TARGET = 16.2;
				MTL_ENABLE_DEBUG_INFO = INCLUDE_SOURCE;
				MTL_FAST_MATH = YES;
				ONLY_ACTIVE_ARCH = YES;
				SDKROOT = iphoneos;
				SWIFT_ACTIVE_COMPILATION_CONDITIONS = DEBUG;
				SWIFT_OPTIMIZATION_LEVEL = "-Onone";
			};
			name = Debug;
		};
		E360040429FC34A000BA496F /* Release */ = {
			isa = XCBuildConfiguration;
			buildSettings = {
				ALWAYS_SEARCH_USER_PATHS = NO;
				CLANG_ANALYZER_NONNULL = YES;
				CLANG_ANALYZER_NUMBER_OBJECT_CONVERSION = YES_AGGRESSIVE;
				CLANG_CXX_LANGUAGE_STANDARD = "gnu++20";
				CLANG_ENABLE_MODULES = YES;
				CLANG_ENABLE_OBJC_ARC = YES;
				CLANG_ENABLE_OBJC_WEAK = YES;
				CLANG_WARN_BLOCK_CAPTURE_AUTORELEASING = YES;
				CLANG_WARN_BOOL_CONVERSION = YES;
				CLANG_WARN_COMMA = YES;
				CLANG_WARN_CONSTANT_CONVERSION = YES;
				CLANG_WARN_DEPRECATED_OBJC_IMPLEMENTATIONS = YES;
				CLANG_WARN_DIRECT_OBJC_ISA_USAGE = YES_ERROR;
				CLANG_WARN_DOCUMENTATION_COMMENTS = YES;
				CLANG_WARN_EMPTY_BODY = YES;
				CLANG_WARN_ENUM_CONVERSION = YES;
				CLANG_WARN_INFINITE_RECURSION = YES;
				CLANG_WARN_INT_CONVERSION = YES;
				CLANG_WARN_NON_LITERAL_NULL_CONVERSION = YES;
				CLANG_WARN_OBJC_IMPLICIT_RETAIN_SELF = YES;
				CLANG_WARN_OBJC_LITERAL_CONVERSION = YES;
				CLANG_WARN_OBJC_ROOT_CLASS = YES_ERROR;
				CLANG_WARN_QUOTED_INCLUDE_IN_FRAMEWORK_HEADER = YES;
				CLANG_WARN_RANGE_LOOP_ANALYSIS = YES;
				CLANG_WARN_STRICT_PROTOTYPES = YES;
				CLANG_WARN_SUSPICIOUS_MOVE = YES;
				CLANG_WARN_UNGUARDED_AVAILABILITY = YES_AGGRESSIVE;
				CLANG_WARN_UNREACHABLE_CODE = YES;
				CLANG_WARN__DUPLICATE_METHOD_MATCH = YES;
				COPY_PHASE_STRIP = NO;
				DEBUG_INFORMATION_FORMAT = "dwarf-with-dsym";
				ENABLE_NS_ASSERTIONS = NO;
				ENABLE_STRICT_OBJC_MSGSEND = YES;
				GCC_C_LANGUAGE_STANDARD = gnu11;
				GCC_NO_COMMON_BLOCKS = YES;
				GCC_WARN_64_TO_32_BIT_CONVERSION = YES;
				GCC_WARN_ABOUT_RETURN_TYPE = YES_ERROR;
				GCC_WARN_UNDECLARED_SELECTOR = YES;
				GCC_WARN_UNINITIALIZED_AUTOS = YES_AGGRESSIVE;
				GCC_WARN_UNUSED_FUNCTION = YES;
				GCC_WARN_UNUSED_VARIABLE = YES;
				IPHONEOS_DEPLOYMENT_TARGET = 16.2;
				MTL_ENABLE_DEBUG_INFO = NO;
				MTL_FAST_MATH = YES;
				SDKROOT = iphoneos;
				SWIFT_COMPILATION_MODE = wholemodule;
				SWIFT_OPTIMIZATION_LEVEL = "-O";
				VALIDATE_PRODUCT = YES;
			};
			name = Release;
		};
		E360040629FC34A000BA496F /* Debug */ = {
			isa = XCBuildConfiguration;
			baseConfigurationReference = 8974DA78957C2FF9F3AD81C6 /* Pods-ERosasEcommerce.debug.xcconfig */;
			buildSettings = {
				ASSETCATALOG_COMPILER_APPICON_NAME = AppIcon;
				ASSETCATALOG_COMPILER_GLOBAL_ACCENT_COLOR_NAME = AccentColor;
				CODE_SIGN_ENTITLEMENTS = ERosasEcommerce/ERosasEcommerce.entitlements;
				CODE_SIGN_STYLE = Automatic;
				CURRENT_PROJECT_VERSION = 1;
				DEVELOPMENT_TEAM = 7TJ32VHQ9P;
				GENERATE_INFOPLIST_FILE = YES;
				INFOPLIST_FILE = ERosasEcommerce/Info.plist;
				INFOPLIST_KEY_UIApplicationSupportsIndirectInputEvents = YES;
				INFOPLIST_KEY_UILaunchStoryboardName = LaunchScreen;
				INFOPLIST_KEY_UIMainStoryboardFile = Main;
				INFOPLIST_KEY_UISupportedInterfaceOrientations_iPad = "UIInterfaceOrientationPortrait UIInterfaceOrientationPortraitUpsideDown UIInterfaceOrientationLandscapeLeft UIInterfaceOrientationLandscapeRight";
				INFOPLIST_KEY_UISupportedInterfaceOrientations_iPhone = "UIInterfaceOrientationPortrait UIInterfaceOrientationLandscapeLeft UIInterfaceOrientationLandscapeRight";
				LD_RUNPATH_SEARCH_PATHS = (
					"$(inherited)",
					"@executable_path/Frameworks",
				);
				MARKETING_VERSION = 1.0;
				PRODUCT_BUNDLE_IDENTIFIER = com.digis.ERosasEcommerce;
				PRODUCT_NAME = "$(TARGET_NAME)";
				SWIFT_EMIT_LOC_STRINGS = YES;
				SWIFT_VERSION = 5.0;
				TARGETED_DEVICE_FAMILY = "1,2";
			};
			name = Debug;
		};
		E360040729FC34A000BA496F /* Release */ = {
			isa = XCBuildConfiguration;
			baseConfigurationReference = 54EF0B65C6A08F99F02CE3F0 /* Pods-ERosasEcommerce.release.xcconfig */;
			buildSettings = {
				ASSETCATALOG_COMPILER_APPICON_NAME = AppIcon;
				ASSETCATALOG_COMPILER_GLOBAL_ACCENT_COLOR_NAME = AccentColor;
				CODE_SIGN_ENTITLEMENTS = ERosasEcommerce/ERosasEcommerce.entitlements;
				CODE_SIGN_STYLE = Automatic;
				CURRENT_PROJECT_VERSION = 1;
				DEVELOPMENT_TEAM = 7TJ32VHQ9P;
				GENERATE_INFOPLIST_FILE = YES;
				INFOPLIST_FILE = ERosasEcommerce/Info.plist;
				INFOPLIST_KEY_UIApplicationSupportsIndirectInputEvents = YES;
				INFOPLIST_KEY_UILaunchStoryboardName = LaunchScreen;
				INFOPLIST_KEY_UIMainStoryboardFile = Main;
				INFOPLIST_KEY_UISupportedInterfaceOrientations_iPad = "UIInterfaceOrientationPortrait UIInterfaceOrientationPortraitUpsideDown UIInterfaceOrientationLandscapeLeft UIInterfaceOrientationLandscapeRight";
				INFOPLIST_KEY_UISupportedInterfaceOrientations_iPhone = "UIInterfaceOrientationPortrait UIInterfaceOrientationLandscapeLeft UIInterfaceOrientationLandscapeRight";
				LD_RUNPATH_SEARCH_PATHS = (
					"$(inherited)",
					"@executable_path/Frameworks",
				);
				MARKETING_VERSION = 1.0;
				PRODUCT_BUNDLE_IDENTIFIER = com.digis.ERosasEcommerce;
				PRODUCT_NAME = "$(TARGET_NAME)";
				SWIFT_EMIT_LOC_STRINGS = YES;
				SWIFT_VERSION = 5.0;
				TARGETED_DEVICE_FAMILY = "1,2";
			};
			name = Release;
		};
		E365751B2A1D258600B056D6 /* Debug */ = {
			isa = XCBuildConfiguration;
			baseConfigurationReference = 54A4924608100C2653F0CE53 /* Pods-ERosasEcommerceVenta.debug.xcconfig */;
			buildSettings = {
				ASSETCATALOG_COMPILER_APPICON_NAME = AppIcon;
				ASSETCATALOG_COMPILER_GLOBAL_ACCENT_COLOR_NAME = AccentColor;
				CODE_SIGN_ENTITLEMENTS = ERosasEcommerceVenta/ERosasEcommerceVenta.entitlements;
				CODE_SIGN_STYLE = Automatic;
				CURRENT_PROJECT_VERSION = 1;
				DEVELOPMENT_TEAM = 7TJ32VHQ9P;
				GENERATE_INFOPLIST_FILE = YES;
				INFOPLIST_FILE = ERosasEcommerceVenta/Info.plist;
				INFOPLIST_KEY_UIApplicationSupportsIndirectInputEvents = YES;
				INFOPLIST_KEY_UILaunchStoryboardName = LaunchScreen;
				INFOPLIST_KEY_UIMainStoryboardFile = Main;
				INFOPLIST_KEY_UISupportedInterfaceOrientations_iPad = "UIInterfaceOrientationPortrait UIInterfaceOrientationPortraitUpsideDown UIInterfaceOrientationLandscapeLeft UIInterfaceOrientationLandscapeRight";
				INFOPLIST_KEY_UISupportedInterfaceOrientations_iPhone = "UIInterfaceOrientationPortrait UIInterfaceOrientationLandscapeLeft UIInterfaceOrientationLandscapeRight";
				LD_RUNPATH_SEARCH_PATHS = (
					"$(inherited)",
					"@executable_path/Frameworks",
				);
				MARKETING_VERSION = 1.0;
				PRODUCT_BUNDLE_IDENTIFIER = com.digis.ERosasEcommerceVenta;
				PRODUCT_NAME = "$(TARGET_NAME)";
				SWIFT_EMIT_LOC_STRINGS = YES;
				SWIFT_VERSION = 5.0;
				TARGETED_DEVICE_FAMILY = "1,2";
			};
			name = Debug;
		};
		E365751C2A1D258600B056D6 /* Release */ = {
			isa = XCBuildConfiguration;
			baseConfigurationReference = A6C9BF6F28C7B40BB0258806 /* Pods-ERosasEcommerceVenta.release.xcconfig */;
			buildSettings = {
				ASSETCATALOG_COMPILER_APPICON_NAME = AppIcon;
				ASSETCATALOG_COMPILER_GLOBAL_ACCENT_COLOR_NAME = AccentColor;
				CODE_SIGN_ENTITLEMENTS = ERosasEcommerceVenta/ERosasEcommerceVenta.entitlements;
				CODE_SIGN_STYLE = Automatic;
				CURRENT_PROJECT_VERSION = 1;
				DEVELOPMENT_TEAM = 7TJ32VHQ9P;
				GENERATE_INFOPLIST_FILE = YES;
				INFOPLIST_FILE = ERosasEcommerceVenta/Info.plist;
				INFOPLIST_KEY_UIApplicationSupportsIndirectInputEvents = YES;
				INFOPLIST_KEY_UILaunchStoryboardName = LaunchScreen;
				INFOPLIST_KEY_UIMainStoryboardFile = Main;
				INFOPLIST_KEY_UISupportedInterfaceOrientations_iPad = "UIInterfaceOrientationPortrait UIInterfaceOrientationPortraitUpsideDown UIInterfaceOrientationLandscapeLeft UIInterfaceOrientationLandscapeRight";
				INFOPLIST_KEY_UISupportedInterfaceOrientations_iPhone = "UIInterfaceOrientationPortrait UIInterfaceOrientationLandscapeLeft UIInterfaceOrientationLandscapeRight";
				LD_RUNPATH_SEARCH_PATHS = (
					"$(inherited)",
					"@executable_path/Frameworks",
				);
				MARKETING_VERSION = 1.0;
				PRODUCT_BUNDLE_IDENTIFIER = com.digis.ERosasEcommerceVenta;
				PRODUCT_NAME = "$(TARGET_NAME)";
				SWIFT_EMIT_LOC_STRINGS = YES;
				SWIFT_VERSION = 5.0;
				TARGETED_DEVICE_FAMILY = "1,2";
			};
			name = Release;
		};
/* End XCBuildConfiguration section */

/* Begin XCConfigurationList section */
		E36003EC29FC349F00BA496F /* Build configuration list for PBXProject "ERosasEcommerce" */ = {
			isa = XCConfigurationList;
			buildConfigurations = (
				E360040329FC34A000BA496F /* Debug */,
				E360040429FC34A000BA496F /* Release */,
			);
			defaultConfigurationIsVisible = 0;
			defaultConfigurationName = Release;
		};
		E360040529FC34A000BA496F /* Build configuration list for PBXNativeTarget "ERosasEcommerce" */ = {
			isa = XCConfigurationList;
			buildConfigurations = (
				E360040629FC34A000BA496F /* Debug */,
				E360040729FC34A000BA496F /* Release */,
			);
			defaultConfigurationIsVisible = 0;
			defaultConfigurationName = Release;
		};
		E365751D2A1D258600B056D6 /* Build configuration list for PBXNativeTarget "ERosasEcommerceVenta" */ = {
			isa = XCConfigurationList;
			buildConfigurations = (
				E365751B2A1D258600B056D6 /* Debug */,
				E365751C2A1D258600B056D6 /* Release */,
			);
			defaultConfigurationIsVisible = 0;
			defaultConfigurationName = Release;
		};
/* End XCConfigurationList section */

/* Begin XCRemoteSwiftPackageReference section */
		E33426462A1812500086F03E /* XCRemoteSwiftPackageReference "firebase-ios-sdk" */ = {
			isa = XCRemoteSwiftPackageReference;
			repositoryURL = "https://github.com/firebase/firebase-ios-sdk.git";
			requirement = {
				kind = upToNextMajorVersion;
				minimumVersion = 9.0.0;
			};
		};
/* End XCRemoteSwiftPackageReference section */

/* Begin XCSwiftPackageProductDependency section */
		E33426472A1812500086F03E /* FirebaseAuth */ = {
			isa = XCSwiftPackageProductDependency;
			package = E33426462A1812500086F03E /* XCRemoteSwiftPackageReference "firebase-ios-sdk" */;
			productName = FirebaseAuth;
		};
		E33426492A1812500086F03E /* FirebaseCrashlytics */ = {
			isa = XCSwiftPackageProductDependency;
			package = E33426462A1812500086F03E /* XCRemoteSwiftPackageReference "firebase-ios-sdk" */;
			productName = FirebaseCrashlytics;
		};
		E334264B2A1812500086F03E /* FirebaseStorage */ = {
			isa = XCSwiftPackageProductDependency;
			package = E33426462A1812500086F03E /* XCRemoteSwiftPackageReference "firebase-ios-sdk" */;
			productName = FirebaseStorage;
		};
		E3B3492C2A2048DD00805B3F /* FirebaseAnalytics */ = {
			isa = XCSwiftPackageProductDependency;
			package = E33426462A1812500086F03E /* XCRemoteSwiftPackageReference "firebase-ios-sdk" */;
			productName = FirebaseAnalytics;
		};
		E3B3492E2A2048DD00805B3F /* FirebaseAuth */ = {
			isa = XCSwiftPackageProductDependency;
			package = E33426462A1812500086F03E /* XCRemoteSwiftPackageReference "firebase-ios-sdk" */;
			productName = FirebaseAuth;
		};
		E3B349302A2048DD00805B3F /* FirebaseStorage */ = {
			isa = XCSwiftPackageProductDependency;
			package = E33426462A1812500086F03E /* XCRemoteSwiftPackageReference "firebase-ios-sdk" */;
			productName = FirebaseStorage;
		};
/* End XCSwiftPackageProductDependency section */

/* Begin XCVersionGroup section */
		E3839AB02A211FF100D6F677 /* ERosasEcommerce.xcdatamodeld */ = {
			isa = XCVersionGroup;
			children = (
				E3839AB12A211FF100D6F677 /* ERosasEcommerce.xcdatamodel */,
			);
			currentVersion = E3839AB12A211FF100D6F677 /* ERosasEcommerce.xcdatamodel */;
			name = ERosasEcommerce.xcdatamodeld;
			path = ../ERosasEcommerce.xcdatamodeld;
			sourceTree = "<group>";
			versionGroupType = wrapper.xcdatamodel;
		};
/* End XCVersionGroup section */
	};
	rootObject = E36003E929FC349F00BA496F /* Project object */;
}
